{
  "version": 4,
  "terraform_version": "1.10.5",
  "serial": 13,
  "lineage": "d2f472f5-d6bc-0d51-6579-4669a86a9573",
  "outputs": {},
  "resources": [
    {
      "mode": "managed",
      "type": "azurerm_linux_virtual_machine",
      "name": "resismart_master_vm",
      "provider": "provider[\"registry.terraform.io/hashicorp/azurerm\"]",
      "instances": [
        {
          "schema_version": 0,
          "attributes": {
            "additional_capabilities": [],
            "admin_password": null,
            "admin_ssh_key": [
              {
                "public_key": "ssh-rsa AAAAB3NzaC1yc2EAAAADAQABAAACAQC9PaDAeijtSuZF2n/KG2EYpeaHzxzGJdRYL5J/7guT2oPHfl0HiQP3rzTRN0psA6cJ7tvQA8HTnh9soE7rRfJrJIKFn8icuxd1q5k1Z8Mdur+4ngRY7kk50J6EdR5OrUsqmgHMj7QRoc/m/bd7Tg/JMnA3lbg/mxcQ55vVbeBIDnOfUPAScScSbqDM5xKKBR+posHtF/Y/9Z8FGwdf60g7cJ9yak50LFkvVAAiiu7U/D4yVptKjCs1IAEu/9c/wtTaBSzqEWri8o6yDVTvA98ygXVx4kxKyEw+ZSa9VEWEahizrtRHZufQvl3gOPgQw6s1Np23PuoFz1Xp2e/01R1rf7bpJIDmPJP4StHGqnREIe3u/7HxZRsUBMQ9aV68gSIGE6gs4SfijTDx/HvOpZ6oR3crS1Y9znlde0e3moHcSkc7/tCQpaeorrBIv5yfi4Os/0ruQvqPjdnbmMZrNzFDW0JNUEEhLze0F9ZX88sPRSYp/FLjKwu3jh+XP6N8giBWb+zaOaGU3apiySXrxoEsI+ujiYx+KsXedXqhkV6QyCyZ2xTqahYVoYTfJeXhf4CQAaZ+Zps7DWh9ZUwceVht3nzr+FUq8F4BtksftckMGlAQYJ73GDQqBzRWGBfBsgpTNvYZFFSkMipVMYjnCW+EP7szyfn1Pt9vySeQejh5IQ== imanebouboul0@gmail.com\n",
                "username": "adminuser"
              }
            ],
            "admin_username": "adminuser",
            "allow_extension_operations": true,
            "availability_set_id": "",
            "boot_diagnostics": [],
            "bypass_platform_safety_checks_on_user_schedule_enabled": false,
            "capacity_reservation_group_id": "",
            "computer_name": "resismart-master-vm",
            "custom_data": null,
            "dedicated_host_group_id": "",
            "dedicated_host_id": "",
            "disable_password_authentication": true,
            "disk_controller_type": "SCSI",
            "edge_zone": "",
            "encryption_at_host_enabled": false,
            "eviction_policy": "",
            "extensions_time_budget": "PT1H30M",
            "gallery_application": [],
            "id": "/subscriptions/5f3c303a-a847-45fc-9aee-f27bf8119ebb/resourceGroups/resismart-resource-group/providers/Microsoft.Compute/virtualMachines/resismart-master-vm",
            "identity": [],
            "license_type": "",
            "location": "francecentral",
            "max_bid_price": -1,
            "name": "resismart-master-vm",
            "network_interface_ids": [
              "/subscriptions/5f3c303a-a847-45fc-9aee-f27bf8119ebb/resourceGroups/resismart-resource-group/providers/Microsoft.Network/networkInterfaces/resismart-master-network-interface"
            ],
            "os_disk": [
              {
                "caching": "ReadWrite",
                "diff_disk_settings": [],
                "disk_encryption_set_id": "",
                "disk_size_gb": 30,
                "id": "/subscriptions/5f3c303a-a847-45fc-9aee-f27bf8119ebb/resourceGroups/resismart-resource-group/providers/Microsoft.Compute/disks/resismart-master-vm_OsDisk_1_d1ecf6878d42489285be5c19747348dd",
                "name": "resismart-master-vm_OsDisk_1_d1ecf6878d42489285be5c19747348dd",
                "secure_vm_disk_encryption_set_id": "",
                "security_encryption_type": "",
                "storage_account_type": "Standard_LRS",
                "write_accelerator_enabled": false
              }
            ],
            "os_image_notification": [],
            "patch_assessment_mode": "ImageDefault",
            "patch_mode": "ImageDefault",
            "plan": [],
            "platform_fault_domain": -1,
            "priority": "Regular",
            "private_ip_address": "10.0.1.5",
            "private_ip_addresses": [
              "10.0.1.5"
            ],
            "provision_vm_agent": true,
            "proximity_placement_group_id": "",
            "public_ip_address": "52.143.185.11",
            "public_ip_addresses": [
              "52.143.185.11"
            ],
            "reboot_setting": "",
            "resource_group_name": "resismart-resource-group",
            "secret": [],
            "secure_boot_enabled": false,
            "size": "Standard_B2s",
            "source_image_id": "",
            "source_image_reference": [
              {
                "offer": "0001-com-ubuntu-server-jammy",
                "publisher": "Canonical",
                "sku": "22_04-lts-gen2",
                "version": "latest"
              }
            ],
            "tags": null,
            "termination_notification": null,
            "timeouts": null,
            "user_data": "",
            "virtual_machine_id": "d604bae6-a9f6-4ab3-805a-13729cf005b3",
            "virtual_machine_scale_set_id": "",
            "vm_agent_platform_updates_enabled": false,
            "vtpm_enabled": false,
            "zone": ""
          },
          "sensitive_attributes": [
            [
              {
                "type": "get_attr",
                "value": "admin_password"
              }
            ],
            [
              {
                "type": "get_attr",
                "value": "custom_data"
              }
            ]
          ],
          "private": "eyJlMmJmYjczMC1lY2FhLTExZTYtOGY4OC0zNDM2M2JjN2M0YzAiOnsiY3JlYXRlIjoyNzAwMDAwMDAwMDAwLCJkZWxldGUiOjI3MDAwMDAwMDAwMDAsInJlYWQiOjMwMDAwMDAwMDAwMCwidXBkYXRlIjoyNzAwMDAwMDAwMDAwfX0=",
          "dependencies": [
            "azurerm_network_interface.resismart_master_nic",
            "azurerm_public_ip.resismart_master_public_ip",
            "azurerm_resource_group.resismart_rg",
            "azurerm_subnet.resismart_subnet",
            "azurerm_virtual_network.resismart_vnet"
          ]
        }
      ]
    },
    {
      "mode": "managed",
      "type": "azurerm_linux_virtual_machine",
      "name": "resismart_worker1_vm",
      "provider": "provider[\"registry.terraform.io/hashicorp/azurerm\"]",
      "instances": [
        {
          "schema_version": 0,
          "attributes": {
            "additional_capabilities": [],
            "admin_password": null,
            "admin_ssh_key": [
              {
                "public_key": "ssh-rsa AAAAB3NzaC1yc2EAAAADAQABAAACAQC9PaDAeijtSuZF2n/KG2EYpeaHzxzGJdRYL5J/7guT2oPHfl0HiQP3rzTRN0psA6cJ7tvQA8HTnh9soE7rRfJrJIKFn8icuxd1q5k1Z8Mdur+4ngRY7kk50J6EdR5OrUsqmgHMj7QRoc/m/bd7Tg/JMnA3lbg/mxcQ55vVbeBIDnOfUPAScScSbqDM5xKKBR+posHtF/Y/9Z8FGwdf60g7cJ9yak50LFkvVAAiiu7U/D4yVptKjCs1IAEu/9c/wtTaBSzqEWri8o6yDVTvA98ygXVx4kxKyEw+ZSa9VEWEahizrtRHZufQvl3gOPgQw6s1Np23PuoFz1Xp2e/01R1rf7bpJIDmPJP4StHGqnREIe3u/7HxZRsUBMQ9aV68gSIGE6gs4SfijTDx/HvOpZ6oR3crS1Y9znlde0e3moHcSkc7/tCQpaeorrBIv5yfi4Os/0ruQvqPjdnbmMZrNzFDW0JNUEEhLze0F9ZX88sPRSYp/FLjKwu3jh+XP6N8giBWb+zaOaGU3apiySXrxoEsI+ujiYx+KsXedXqhkV6QyCyZ2xTqahYVoYTfJeXhf4CQAaZ+Zps7DWh9ZUwceVht3nzr+FUq8F4BtksftckMGlAQYJ73GDQqBzRWGBfBsgpTNvYZFFSkMipVMYjnCW+EP7szyfn1Pt9vySeQejh5IQ== imanebouboul0@gmail.com\n",
                "username": "adminuser"
              }
            ],
            "admin_username": "adminuser",
            "allow_extension_operations": true,
            "availability_set_id": "",
            "boot_diagnostics": [],
            "bypass_platform_safety_checks_on_user_schedule_enabled": false,
            "capacity_reservation_group_id": "",
            "computer_name": "resismart-worker1-vm",
            "custom_data": null,
            "dedicated_host_group_id": "",
            "dedicated_host_id": "",
            "disable_password_authentication": true,
            "disk_controller_type": "SCSI",
            "edge_zone": "",
            "encryption_at_host_enabled": false,
            "eviction_policy": "",
            "extensions_time_budget": "PT1H30M",
            "gallery_application": [],
            "id": "/subscriptions/5f3c303a-a847-45fc-9aee-f27bf8119ebb/resourceGroups/resismart-resource-group/providers/Microsoft.Compute/virtualMachines/resismart-worker1-vm",
            "identity": [],
            "license_type": "",
            "location": "francecentral",
            "max_bid_price": -1,
            "name": "resismart-worker1-vm",
            "network_interface_ids": [
              "/subscriptions/5f3c303a-a847-45fc-9aee-f27bf8119ebb/resourceGroups/resismart-resource-group/providers/Microsoft.Network/networkInterfaces/resismart-worker1-network-interface"
            ],
            "os_disk": [
              {
                "caching": "ReadWrite",
                "diff_disk_settings": [],
                "disk_encryption_set_id": "",
                "disk_size_gb": 30,
                "id": "/subscriptions/5f3c303a-a847-45fc-9aee-f27bf8119ebb/resourceGroups/resismart-resource-group/providers/Microsoft.Compute/disks/resismart-worker1-vm_disk1_f07da361aeb5480fa2843b6a718cc4a8",
                "name": "resismart-worker1-vm_disk1_f07da361aeb5480fa2843b6a718cc4a8",
                "secure_vm_disk_encryption_set_id": "",
                "security_encryption_type": "",
                "storage_account_type": "Standard_LRS",
                "write_accelerator_enabled": false
              }
            ],
            "os_image_notification": [],
            "patch_assessment_mode": "ImageDefault",
            "patch_mode": "ImageDefault",
            "plan": [],
            "platform_fault_domain": -1,
            "priority": "Regular",
            "private_ip_address": "10.0.1.6",
            "private_ip_addresses": [
              "10.0.1.6"
            ],
            "provision_vm_agent": true,
            "proximity_placement_group_id": "",
            "public_ip_address": "52.143.185.83",
            "public_ip_addresses": [
              "52.143.185.83"
            ],
            "reboot_setting": "",
            "resource_group_name": "resismart-resource-group",
            "secret": [],
            "secure_boot_enabled": false,
            "size": "Standard_D2s_v3",
            "source_image_id": "",
            "source_image_reference": [
              {
                "offer": "0001-com-ubuntu-server-jammy",
                "publisher": "Canonical",
                "sku": "22_04-lts-gen2",
                "version": "latest"
              }
            ],
            "tags": null,
            "termination_notification": null,
            "timeouts": null,
            "user_data": "",
            "virtual_machine_id": "d2940b30-f759-4588-95ef-38adbf173e2b",
            "virtual_machine_scale_set_id": "",
            "vm_agent_platform_updates_enabled": false,
            "vtpm_enabled": false,
            "zone": ""
          },
          "sensitive_attributes": [
            [
              {
                "type": "get_attr",
                "value": "custom_data"
              }
            ],
            [
              {
                "type": "get_attr",
                "value": "admin_password"
              }
            ]
          ],
          "private": "eyJlMmJmYjczMC1lY2FhLTExZTYtOGY4OC0zNDM2M2JjN2M0YzAiOnsiY3JlYXRlIjoyNzAwMDAwMDAwMDAwLCJkZWxldGUiOjI3MDAwMDAwMDAwMDAsInJlYWQiOjMwMDAwMDAwMDAwMCwidXBkYXRlIjoyNzAwMDAwMDAwMDAwfX0=",
          "dependencies": [
            "azurerm_network_interface.resismart_worker1_nic",
            "azurerm_public_ip.resismart_worker1_public_ip",
            "azurerm_resource_group.resismart_rg",
            "azurerm_subnet.resismart_subnet",
            "azurerm_virtual_network.resismart_vnet"
          ]
        }
      ]
    },
    {
      "mode": "managed",
      "type": "azurerm_linux_virtual_machine",
      "name": "resismart_worker2_vm",
      "provider": "provider[\"registry.terraform.io/hashicorp/azurerm\"]",
      "instances": [
        {
          "schema_version": 0,
          "attributes": {
            "additional_capabilities": [],
            "admin_password": null,
            "admin_ssh_key": [
              {
                "public_key": "ssh-rsa AAAAB3NzaC1yc2EAAAADAQABAAACAQC9PaDAeijtSuZF2n/KG2EYpeaHzxzGJdRYL5J/7guT2oPHfl0HiQP3rzTRN0psA6cJ7tvQA8HTnh9soE7rRfJrJIKFn8icuxd1q5k1Z8Mdur+4ngRY7kk50J6EdR5OrUsqmgHMj7QRoc/m/bd7Tg/JMnA3lbg/mxcQ55vVbeBIDnOfUPAScScSbqDM5xKKBR+posHtF/Y/9Z8FGwdf60g7cJ9yak50LFkvVAAiiu7U/D4yVptKjCs1IAEu/9c/wtTaBSzqEWri8o6yDVTvA98ygXVx4kxKyEw+ZSa9VEWEahizrtRHZufQvl3gOPgQw6s1Np23PuoFz1Xp2e/01R1rf7bpJIDmPJP4StHGqnREIe3u/7HxZRsUBMQ9aV68gSIGE6gs4SfijTDx/HvOpZ6oR3crS1Y9znlde0e3moHcSkc7/tCQpaeorrBIv5yfi4Os/0ruQvqPjdnbmMZrNzFDW0JNUEEhLze0F9ZX88sPRSYp/FLjKwu3jh+XP6N8giBWb+zaOaGU3apiySXrxoEsI+ujiYx+KsXedXqhkV6QyCyZ2xTqahYVoYTfJeXhf4CQAaZ+Zps7DWh9ZUwceVht3nzr+FUq8F4BtksftckMGlAQYJ73GDQqBzRWGBfBsgpTNvYZFFSkMipVMYjnCW+EP7szyfn1Pt9vySeQejh5IQ== imanebouboul0@gmail.com\n",
                "username": "adminuser"
              }
            ],
            "admin_username": "adminuser",
            "allow_extension_operations": true,
            "availability_set_id": "",
            "boot_diagnostics": [],
            "bypass_platform_safety_checks_on_user_schedule_enabled": false,
            "capacity_reservation_group_id": "",
            "computer_name": "resismart-worker2-vm",
            "custom_data": null,
            "dedicated_host_group_id": "",
            "dedicated_host_id": "",
            "disable_password_authentication": true,
            "disk_controller_type": "SCSI",
            "edge_zone": "",
            "encryption_at_host_enabled": false,
            "eviction_policy": "",
            "extensions_time_budget": "PT1H30M",
            "gallery_application": [],
            "id": "/subscriptions/5f3c303a-a847-45fc-9aee-f27bf8119ebb/resourceGroups/resismart-resource-group/providers/Microsoft.Compute/virtualMachines/resismart-worker2-vm",
            "identity": [],
            "license_type": "",
            "location": "francecentral",
            "max_bid_price": -1,
            "name": "resismart-worker2-vm",
            "network_interface_ids": [
              "/subscriptions/5f3c303a-a847-45fc-9aee-f27bf8119ebb/resourceGroups/resismart-resource-group/providers/Microsoft.Network/networkInterfaces/resismart-worker2-network-interface"
            ],
            "os_disk": [
              {
                "caching": "ReadWrite",
                "diff_disk_settings": [],
                "disk_encryption_set_id": "",
                "disk_size_gb": 30,
                "id": "/subscriptions/5f3c303a-a847-45fc-9aee-f27bf8119ebb/resourceGroups/resismart-resource-group/providers/Microsoft.Compute/disks/resismart-worker2-vm_disk1_d473d2aea9de4de19c83d59e089f4ea0",
                "name": "resismart-worker2-vm_disk1_d473d2aea9de4de19c83d59e089f4ea0",
                "secure_vm_disk_encryption_set_id": "",
                "security_encryption_type": "",
                "storage_account_type": "Standard_LRS",
                "write_accelerator_enabled": false
              }
            ],
            "os_image_notification": [],
            "patch_assessment_mode": "ImageDefault",
            "patch_mode": "ImageDefault",
            "plan": [],
            "platform_fault_domain": -1,
            "priority": "Regular",
            "private_ip_address": "10.0.1.4",
            "private_ip_addresses": [
              "10.0.1.4"
            ],
            "provision_vm_agent": true,
            "proximity_placement_group_id": "",
            "public_ip_address": "4.251.127.50",
            "public_ip_addresses": [
              "4.251.127.50"
            ],
            "reboot_setting": "",
            "resource_group_name": "resismart-resource-group",
            "secret": [],
            "secure_boot_enabled": false,
            "size": "Standard_D2s_v3",
            "source_image_id": "",
            "source_image_reference": [
              {
                "offer": "0001-com-ubuntu-server-jammy",
                "publisher": "Canonical",
                "sku": "22_04-lts-gen2",
                "version": "latest"
              }
            ],
            "tags": null,
            "termination_notification": null,
            "timeouts": null,
            "user_data": "",
            "virtual_machine_id": "1036103e-de88-4364-892d-abf8ac110e8f",
            "virtual_machine_scale_set_id": "",
            "vm_agent_platform_updates_enabled": false,
            "vtpm_enabled": false,
            "zone": ""
          },
          "sensitive_attributes": [
            [
              {
                "type": "get_attr",
                "value": "custom_data"
              }
            ],
            [
              {
                "type": "get_attr",
                "value": "admin_password"
              }
            ]
          ],
          "private": "eyJlMmJmYjczMC1lY2FhLTExZTYtOGY4OC0zNDM2M2JjN2M0YzAiOnsiY3JlYXRlIjoyNzAwMDAwMDAwMDAwLCJkZWxldGUiOjI3MDAwMDAwMDAwMDAsInJlYWQiOjMwMDAwMDAwMDAwMCwidXBkYXRlIjoyNzAwMDAwMDAwMDAwfX0=",
          "dependencies": [
            "azurerm_network_interface.resismart_worker2_nic",
            "azurerm_public_ip.resismart_worker2_public_ip",
            "azurerm_resource_group.resismart_rg",
            "azurerm_subnet.resismart_subnet",
            "azurerm_virtual_network.resismart_vnet"
          ]
        }
      ]
    },
    {
      "mode": "managed",
      "type": "azurerm_network_interface",
      "name": "resismart_master_nic",
      "provider": "provider[\"registry.terraform.io/hashicorp/azurerm\"]",
      "instances": [
        {
          "schema_version": 0,
          "attributes": {
            "accelerated_networking_enabled": false,
            "applied_dns_servers": [],
            "auxiliary_mode": "",
            "auxiliary_sku": "",
            "dns_servers": null,
            "edge_zone": "",
            "id": "/subscriptions/5f3c303a-a847-45fc-9aee-f27bf8119ebb/resourceGroups/resismart-resource-group/providers/Microsoft.Network/networkInterfaces/resismart-master-network-interface",
            "internal_dns_name_label": "",
            "internal_domain_name_suffix": "1k31g14lsceuxnhv44nmh0ntcb.parx.internal.cloudapp.net",
            "ip_configuration": [
              {
                "gateway_load_balancer_frontend_ip_configuration_id": "",
                "name": "internal",
                "primary": true,
                "private_ip_address": "10.0.1.5",
                "private_ip_address_allocation": "Dynamic",
                "private_ip_address_version": "IPv4",
                "public_ip_address_id": "/subscriptions/5f3c303a-a847-45fc-9aee-f27bf8119ebb/resourceGroups/resismart-resource-group/providers/Microsoft.Network/publicIPAddresses/resismart-master-public-ip",
                "subnet_id": "/subscriptions/5f3c303a-a847-45fc-9aee-f27bf8119ebb/resourceGroups/resismart-resource-group/providers/Microsoft.Network/virtualNetworks/resismart-virtual-network/subnets/resismart-subnet"
              }
            ],
            "ip_forwarding_enabled": false,
            "location": "francecentral",
            "mac_address": "",
            "name": "resismart-master-network-interface",
            "private_ip_address": "10.0.1.5",
            "private_ip_addresses": [
              "10.0.1.5"
            ],
            "resource_group_name": "resismart-resource-group",
            "tags": null,
            "timeouts": null,
            "virtual_machine_id": ""
          },
          "sensitive_attributes": [],
          "private": "eyJlMmJmYjczMC1lY2FhLTExZTYtOGY4OC0zNDM2M2JjN2M0YzAiOnsiY3JlYXRlIjoxODAwMDAwMDAwMDAwLCJkZWxldGUiOjE4MDAwMDAwMDAwMDAsInJlYWQiOjMwMDAwMDAwMDAwMCwidXBkYXRlIjoxODAwMDAwMDAwMDAwfX0=",
          "dependencies": [
            "azurerm_public_ip.resismart_master_public_ip",
            "azurerm_resource_group.resismart_rg",
            "azurerm_subnet.resismart_subnet",
            "azurerm_virtual_network.resismart_vnet"
          ]
        }
      ]
    },
    {
      "mode": "managed",
      "type": "azurerm_network_interface",
      "name": "resismart_worker1_nic",
      "provider": "provider[\"registry.terraform.io/hashicorp/azurerm\"]",
      "instances": [
        {
          "schema_version": 0,
          "attributes": {
            "accelerated_networking_enabled": false,
            "applied_dns_servers": [],
            "auxiliary_mode": "",
            "auxiliary_sku": "",
            "dns_servers": null,
            "edge_zone": "",
            "id": "/subscriptions/5f3c303a-a847-45fc-9aee-f27bf8119ebb/resourceGroups/resismart-resource-group/providers/Microsoft.Network/networkInterfaces/resismart-worker1-network-interface",
            "internal_dns_name_label": "",
            "internal_domain_name_suffix": "1k31g14lsceuxnhv44nmh0ntcb.parx.internal.cloudapp.net",
            "ip_configuration": [
              {
                "gateway_load_balancer_frontend_ip_configuration_id": "",
                "name": "internal",
                "primary": true,
                "private_ip_address": "10.0.1.6",
                "private_ip_address_allocation": "Dynamic",
                "private_ip_address_version": "IPv4",
                "public_ip_address_id": "/subscriptions/5f3c303a-a847-45fc-9aee-f27bf8119ebb/resourceGroups/resismart-resource-group/providers/Microsoft.Network/publicIPAddresses/resismart-worker1-public-ip",
                "subnet_id": "/subscriptions/5f3c303a-a847-45fc-9aee-f27bf8119ebb/resourceGroups/resismart-resource-group/providers/Microsoft.Network/virtualNetworks/resismart-virtual-network/subnets/resismart-subnet"
              }
            ],
            "ip_forwarding_enabled": false,
            "location": "francecentral",
            "mac_address": "",
            "name": "resismart-worker1-network-interface",
            "private_ip_address": "10.0.1.6",
            "private_ip_addresses": [
              "10.0.1.6"
            ],
            "resource_group_name": "resismart-resource-group",
            "tags": null,
            "timeouts": null,
            "virtual_machine_id": ""
          },
          "sensitive_attributes": [],
          "private": "eyJlMmJmYjczMC1lY2FhLTExZTYtOGY4OC0zNDM2M2JjN2M0YzAiOnsiY3JlYXRlIjoxODAwMDAwMDAwMDAwLCJkZWxldGUiOjE4MDAwMDAwMDAwMDAsInJlYWQiOjMwMDAwMDAwMDAwMCwidXBkYXRlIjoxODAwMDAwMDAwMDAwfX0=",
          "dependencies": [
            "azurerm_public_ip.resismart_worker1_public_ip",
            "azurerm_resource_group.resismart_rg",
            "azurerm_subnet.resismart_subnet",
            "azurerm_virtual_network.resismart_vnet"
          ]
        }
      ]
    },
    {
      "mode": "managed",
      "type": "azurerm_network_interface",
      "name": "resismart_worker2_nic",
      "provider": "provider[\"registry.terraform.io/hashicorp/azurerm\"]",
      "instances": [
        {
          "schema_version": 0,
          "attributes": {
            "accelerated_networking_enabled": false,
            "applied_dns_servers": [],
            "auxiliary_mode": "",
            "auxiliary_sku": "",
            "dns_servers": null,
            "edge_zone": "",
            "id": "/subscriptions/5f3c303a-a847-45fc-9aee-f27bf8119ebb/resourceGroups/resismart-resource-group/providers/Microsoft.Network/networkInterfaces/resismart-worker2-network-interface",
            "internal_dns_name_label": "",
            "internal_domain_name_suffix": "1k31g14lsceuxnhv44nmh0ntcb.parx.internal.cloudapp.net",
            "ip_configuration": [
              {
                "gateway_load_balancer_frontend_ip_configuration_id": "",
                "name": "internal",
                "primary": true,
                "private_ip_address": "10.0.1.4",
                "private_ip_address_allocation": "Dynamic",
                "private_ip_address_version": "IPv4",
                "public_ip_address_id": "/subscriptions/5f3c303a-a847-45fc-9aee-f27bf8119ebb/resourceGroups/resismart-resource-group/providers/Microsoft.Network/publicIPAddresses/resismart-worker2-public-ip",
                "subnet_id": "/subscriptions/5f3c303a-a847-45fc-9aee-f27bf8119ebb/resourceGroups/resismart-resource-group/providers/Microsoft.Network/virtualNetworks/resismart-virtual-network/subnets/resismart-subnet"
              }
            ],
            "ip_forwarding_enabled": false,
            "location": "francecentral",
            "mac_address": "",
            "name": "resismart-worker2-network-interface",
            "private_ip_address": "10.0.1.4",
            "private_ip_addresses": [
              "10.0.1.4"
            ],
            "resource_group_name": "resismart-resource-group",
            "tags": null,
            "timeouts": null,
            "virtual_machine_id": ""
          },
          "sensitive_attributes": [],
          "private": "eyJlMmJmYjczMC1lY2FhLTExZTYtOGY4OC0zNDM2M2JjN2M0YzAiOnsiY3JlYXRlIjoxODAwMDAwMDAwMDAwLCJkZWxldGUiOjE4MDAwMDAwMDAwMDAsInJlYWQiOjMwMDAwMDAwMDAwMCwidXBkYXRlIjoxODAwMDAwMDAwMDAwfX0=",
          "dependencies": [
            "azurerm_public_ip.resismart_worker2_public_ip",
            "azurerm_resource_group.resismart_rg",
            "azurerm_subnet.resismart_subnet",
            "azurerm_virtual_network.resismart_vnet"
          ]
        }
      ]
    },
    {
      "mode": "managed",
      "type": "azurerm_public_ip",
      "name": "resismart_master_public_ip",
      "provider": "provider[\"registry.terraform.io/hashicorp/azurerm\"]",
      "instances": [
        {
          "schema_version": 0,
          "attributes": {
            "allocation_method": "Static",
            "ddos_protection_mode": "VirtualNetworkInherited",
            "ddos_protection_plan_id": null,
            "domain_name_label": null,
            "domain_name_label_scope": null,
            "edge_zone": "",
            "fqdn": null,
            "id": "/subscriptions/5f3c303a-a847-45fc-9aee-f27bf8119ebb/resourceGroups/resismart-resource-group/providers/Microsoft.Network/publicIPAddresses/resismart-master-public-ip",
            "idle_timeout_in_minutes": 4,
            "ip_address": "52.143.185.11",
            "ip_tags": null,
            "ip_version": "IPv4",
            "location": "francecentral",
            "name": "resismart-master-public-ip",
            "public_ip_prefix_id": null,
            "resource_group_name": "resismart-resource-group",
            "reverse_fqdn": null,
            "sku": "Standard",
            "sku_tier": "Regional",
            "tags": null,
            "timeouts": null,
            "zones": null
          },
          "sensitive_attributes": [],
          "private": "eyJlMmJmYjczMC1lY2FhLTExZTYtOGY4OC0zNDM2M2JjN2M0YzAiOnsiY3JlYXRlIjoxODAwMDAwMDAwMDAwLCJkZWxldGUiOjE4MDAwMDAwMDAwMDAsInJlYWQiOjMwMDAwMDAwMDAwMCwidXBkYXRlIjoxODAwMDAwMDAwMDAwfX0=",
          "dependencies": [
            "azurerm_resource_group.resismart_rg"
          ]
        }
      ]
    },
    {
      "mode": "managed",
      "type": "azurerm_public_ip",
      "name": "resismart_worker1_public_ip",
      "provider": "provider[\"registry.terraform.io/hashicorp/azurerm\"]",
      "instances": [
        {
          "schema_version": 0,
          "attributes": {
            "allocation_method": "Static",
            "ddos_protection_mode": "VirtualNetworkInherited",
            "ddos_protection_plan_id": null,
            "domain_name_label": null,
            "domain_name_label_scope": null,
            "edge_zone": "",
            "fqdn": null,
            "id": "/subscriptions/5f3c303a-a847-45fc-9aee-f27bf8119ebb/resourceGroups/resismart-resource-group/providers/Microsoft.Network/publicIPAddresses/resismart-worker1-public-ip",
            "idle_timeout_in_minutes": 4,
            "ip_address": "52.143.185.83",
            "ip_tags": null,
            "ip_version": "IPv4",
            "location": "francecentral",
            "name": "resismart-worker1-public-ip",
            "public_ip_prefix_id": null,
            "resource_group_name": "resismart-resource-group",
            "reverse_fqdn": null,
            "sku": "Standard",
            "sku_tier": "Regional",
            "tags": null,
            "timeouts": null,
            "zones": null
          },
          "sensitive_attributes": [],
          "private": "eyJlMmJmYjczMC1lY2FhLTExZTYtOGY4OC0zNDM2M2JjN2M0YzAiOnsiY3JlYXRlIjoxODAwMDAwMDAwMDAwLCJkZWxldGUiOjE4MDAwMDAwMDAwMDAsInJlYWQiOjMwMDAwMDAwMDAwMCwidXBkYXRlIjoxODAwMDAwMDAwMDAwfX0=",
          "dependencies": [
            "azurerm_resource_group.resismart_rg"
          ]
        }
      ]
    },
    {
      "mode": "managed",
      "type": "azurerm_public_ip",
      "name": "resismart_worker2_public_ip",
      "provider": "provider[\"registry.terraform.io/hashicorp/azurerm\"]",
      "instances": [
        {
          "schema_version": 0,
          "attributes": {
            "allocation_method": "Static",
            "ddos_protection_mode": "VirtualNetworkInherited",
            "ddos_protection_plan_id": null,
            "domain_name_label": null,
            "domain_name_label_scope": null,
            "edge_zone": "",
            "fqdn": null,
            "id": "/subscriptions/5f3c303a-a847-45fc-9aee-f27bf8119ebb/resourceGroups/resismart-resource-group/providers/Microsoft.Network/publicIPAddresses/resismart-worker2-public-ip",
            "idle_timeout_in_minutes": 4,
            "ip_address": "4.251.127.50",
            "ip_tags": null,
            "ip_version": "IPv4",
            "location": "francecentral",
            "name": "resismart-worker2-public-ip",
            "public_ip_prefix_id": null,
            "resource_group_name": "resismart-resource-group",
            "reverse_fqdn": null,
            "sku": "Standard",
            "sku_tier": "Regional",
            "tags": null,
            "timeouts": null,
            "zones": null
          },
          "sensitive_attributes": [],
          "private": "eyJlMmJmYjczMC1lY2FhLTExZTYtOGY4OC0zNDM2M2JjN2M0YzAiOnsiY3JlYXRlIjoxODAwMDAwMDAwMDAwLCJkZWxldGUiOjE4MDAwMDAwMDAwMDAsInJlYWQiOjMwMDAwMDAwMDAwMCwidXBkYXRlIjoxODAwMDAwMDAwMDAwfX0=",
          "dependencies": [
            "azurerm_resource_group.resismart_rg"
          ]
        }
      ]
    },
    {
      "mode": "managed",
      "type": "azurerm_resource_group",
      "name": "resismart_rg",
      "provider": "provider[\"registry.terraform.io/hashicorp/azurerm\"]",
      "instances": [
        {
          "schema_version": 0,
          "attributes": {
            "id": "/subscriptions/5f3c303a-a847-45fc-9aee-f27bf8119ebb/resourceGroups/resismart-resource-group",
            "location": "francecentral",
            "managed_by": "",
            "name": "resismart-resource-group",
            "tags": null,
            "timeouts": null
          },
          "sensitive_attributes": [],
          "private": "eyJlMmJmYjczMC1lY2FhLTExZTYtOGY4OC0zNDM2M2JjN2M0YzAiOnsiY3JlYXRlIjo1NDAwMDAwMDAwMDAwLCJkZWxldGUiOjU0MDAwMDAwMDAwMDAsInJlYWQiOjMwMDAwMDAwMDAwMCwidXBkYXRlIjo1NDAwMDAwMDAwMDAwfX0="
        }
      ]
    },
    {
      "mode": "managed",
      "type": "azurerm_subnet",
      "name": "resismart_subnet",
      "provider": "provider[\"registry.terraform.io/hashicorp/azurerm\"]",
      "instances": [
        {
          "schema_version": 0,
          "attributes": {
            "address_prefixes": [
              "10.0.1.0/24"
            ],
            "default_outbound_access_enabled": true,
            "delegation": [],
            "id": "/subscriptions/5f3c303a-a847-45fc-9aee-f27bf8119ebb/resourceGroups/resismart-resource-group/providers/Microsoft.Network/virtualNetworks/resismart-virtual-network/subnets/resismart-subnet",
            "name": "resismart-subnet",
            "private_endpoint_network_policies": "Disabled",
            "private_link_service_network_policies_enabled": true,
            "resource_group_name": "resismart-resource-group",
            "service_endpoint_policy_ids": null,
            "service_endpoints": null,
            "timeouts": null,
            "virtual_network_name": "resismart-virtual-network"
          },
          "sensitive_attributes": [],
          "private": "eyJlMmJmYjczMC1lY2FhLTExZTYtOGY4OC0zNDM2M2JjN2M0YzAiOnsiY3JlYXRlIjoxODAwMDAwMDAwMDAwLCJkZWxldGUiOjE4MDAwMDAwMDAwMDAsInJlYWQiOjMwMDAwMDAwMDAwMCwidXBkYXRlIjoxODAwMDAwMDAwMDAwfX0=",
          "dependencies": [
            "azurerm_resource_group.resismart_rg",
            "azurerm_virtual_network.resismart_vnet"
          ]
        }
      ]
    },
    {
      "mode": "managed",
      "type": "azurerm_virtual_network",
      "name": "resismart_vnet",
      "provider": "provider[\"registry.terraform.io/hashicorp/azurerm\"]",
      "instances": [
        {
          "schema_version": 0,
          "attributes": {
            "address_space": [
              "10.0.0.0/16"
            ],
            "bgp_community": "",
            "ddos_protection_plan": [],
            "dns_servers": [],
            "edge_zone": "",
            "encryption": [],
            "flow_timeout_in_minutes": 0,
            "guid": "6fb3bbda-90cb-4b89-b4f5-f79ac3e9b311",
            "id": "/subscriptions/5f3c303a-a847-45fc-9aee-f27bf8119ebb/resourceGroups/resismart-resource-group/providers/Microsoft.Network/virtualNetworks/resismart-virtual-network",
            "location": "francecentral",
            "name": "resismart-virtual-network",
            "private_endpoint_vnet_policies": "Disabled",
            "resource_group_name": "resismart-resource-group",
            "subnet": [],
            "tags": null,
            "timeouts": null
          },
          "sensitive_attributes": [],
          "private": "eyJlMmJmYjczMC1lY2FhLTExZTYtOGY4OC0zNDM2M2JjN2M0YzAiOnsiY3JlYXRlIjoxODAwMDAwMDAwMDAwLCJkZWxldGUiOjE4MDAwMDAwMDAwMDAsInJlYWQiOjMwMDAwMDAwMDAwMCwidXBkYXRlIjoxODAwMDAwMDAwMDAwfX0=",
          "dependencies": [
            "azurerm_resource_group.resismart_rg"
          ]
        }
      ]
    }
  ],
  "check_results": null
}
