{
  "version": 4,
  "terraform_version": "1.10.5",
  "serial": 18,
  "lineage": "be109d4c-3b98-c4e7-d47b-88a921afe2e6",
  "outputs": {
    "master_ip": {
      "value": "13.94.65.109",
      "type": "string"
    },
    "worker_ip": {
      "value": "13.94.65.2",
      "type": "string"
    }
  },
  "resources": [
    {
      "mode": "managed",
      "type": "azurerm_linux_virtual_machine",
      "name": "master",
      "provider": "provider[\"registry.terraform.io/hashicorp/azurerm\"]",
      "instances": [
        {
          "schema_version": 0,
          "attributes": {
            "additional_capabilities": [],
            "admin_password": null,
            "admin_ssh_key": [
              {
                "public_key": "ssh-rsa AAAAB3NzaC1yc2EAAAADAQABAAACAQC9PaDAeijtSuZF2n/KG2EYpeaHzxzGJdRYL5J/7guT2oPHfl0HiQP3rzTRN0psA6cJ7tvQA8HTnh9soE7rRfJrJIKFn8icuxd1q5k1Z8Mdur+4ngRY7kk50J6EdR5OrUsqmgHMj7QRoc/m/bd7Tg/JMnA3lbg/mxcQ55vVbeBIDnOfUPAScScSbqDM5xKKBR+posHtF/Y/9Z8FGwdf60g7cJ9yak50LFkvVAAiiu7U/D4yVptKjCs1IAEu/9c/wtTaBSzqEWri8o6yDVTvA98ygXVx4kxKyEw+ZSa9VEWEahizrtRHZufQvl3gOPgQw6s1Np23PuoFz1Xp2e/01R1rf7bpJIDmPJP4StHGqnREIe3u/7HxZRsUBMQ9aV68gSIGE6gs4SfijTDx/HvOpZ6oR3crS1Y9znlde0e3moHcSkc7/tCQpaeorrBIv5yfi4Os/0ruQvqPjdnbmMZrNzFDW0JNUEEhLze0F9ZX88sPRSYp/FLjKwu3jh+XP6N8giBWb+zaOaGU3apiySXrxoEsI+ujiYx+KsXedXqhkV6QyCyZ2xTqahYVoYTfJeXhf4CQAaZ+Zps7DWh9ZUwceVht3nzr+FUq8F4BtksftckMGlAQYJ73GDQqBzRWGBfBsgpTNvYZFFSkMipVMYjnCW+EP7szyfn1Pt9vySeQejh5IQ== imanebouboul0@gmail.com\n",
                "username": "adminuser"
              }
            ],
            "admin_username": "adminuser",
            "allow_extension_operations": true,
            "availability_set_id": "",
            "boot_diagnostics": [],
            "bypass_platform_safety_checks_on_user_schedule_enabled": false,
            "capacity_reservation_group_id": "",
            "computer_name": "resismart-master-vm",
            "custom_data": null,
            "dedicated_host_group_id": "",
            "dedicated_host_id": "",
            "disable_password_authentication": true,
            "disk_controller_type": "",
            "edge_zone": "",
            "encryption_at_host_enabled": false,
            "eviction_policy": "",
            "extensions_time_budget": "PT1H30M",
            "gallery_application": [],
            "id": "/subscriptions/5f3c303a-a847-45fc-9aee-f27bf8119ebb/resourceGroups/DevOpResourceGroup/providers/Microsoft.Compute/virtualMachines/resismart-master-vm",
            "identity": [],
            "license_type": "",
            "location": "northeurope",
            "max_bid_price": -1,
            "name": "resismart-master-vm",
            "network_interface_ids": [
              "/subscriptions/5f3c303a-a847-45fc-9aee-f27bf8119ebb/resourceGroups/DevOpResourceGroup/providers/Microsoft.Network/networkInterfaces/MasterNIC"
            ],
            "os_disk": [
              {
                "caching": "ReadWrite",
                "diff_disk_settings": [],
                "disk_encryption_set_id": "",
                "disk_size_gb": 30,
                "id": "/subscriptions/5f3c303a-a847-45fc-9aee-f27bf8119ebb/resourceGroups/DevOpResourceGroup/providers/Microsoft.Compute/disks/resismart-master-vm_OsDisk_1_8e747ab2518d4624bbfb10de036c9cba",
                "name": "resismart-master-vm_OsDisk_1_8e747ab2518d4624bbfb10de036c9cba",
                "secure_vm_disk_encryption_set_id": "",
                "security_encryption_type": "",
                "storage_account_type": "Standard_LRS",
                "write_accelerator_enabled": false
              }
            ],
            "os_image_notification": [],
            "patch_assessment_mode": "ImageDefault",
            "patch_mode": "ImageDefault",
            "plan": [],
            "platform_fault_domain": -1,
            "priority": "Regular",
            "private_ip_address": "10.0.1.5",
            "private_ip_addresses": [
              "10.0.1.5"
            ],
            "provision_vm_agent": true,
            "proximity_placement_group_id": "",
            "public_ip_address": "13.94.65.109",
            "public_ip_addresses": [
              "13.94.65.109"
            ],
            "reboot_setting": "",
            "resource_group_name": "DevOpResourceGroup",
            "secret": [],
            "secure_boot_enabled": false,
            "size": "Standard_B2s",
            "source_image_id": "",
            "source_image_reference": [
              {
                "offer": "UbuntuServer",
                "publisher": "Canonical",
                "sku": "18.04-LTS",
                "version": "latest"
              }
            ],
            "tags": null,
            "termination_notification": null,
            "timeouts": null,
            "user_data": "",
            "virtual_machine_id": "0a05d903-3053-46a4-a7f1-2e55e0df58da",
            "virtual_machine_scale_set_id": "",
            "vm_agent_platform_updates_enabled": false,
            "vtpm_enabled": false,
            "zone": ""
          },
          "sensitive_attributes": [
            [
              {
                "type": "get_attr",
                "value": "custom_data"
              }
            ],
            [
              {
                "type": "get_attr",
                "value": "admin_password"
              }
            ]
          ],
          "private": "eyJlMmJmYjczMC1lY2FhLTExZTYtOGY4OC0zNDM2M2JjN2M0YzAiOnsiY3JlYXRlIjoyNzAwMDAwMDAwMDAwLCJkZWxldGUiOjI3MDAwMDAwMDAwMDAsInJlYWQiOjMwMDAwMDAwMDAwMCwidXBkYXRlIjoyNzAwMDAwMDAwMDAwfX0=",
          "dependencies": [
            "azurerm_network_interface.master_nic",
            "azurerm_public_ip.master_public_ip",
            "azurerm_resource_group.devops_rg",
            "azurerm_subnet.devops_subnet",
            "azurerm_virtual_network.devops_vnet"
          ]
        }
      ]
    },
    {
      "mode": "managed",
      "type": "azurerm_linux_virtual_machine",
      "name": "worker",
      "provider": "provider[\"registry.terraform.io/hashicorp/azurerm\"]",
      "instances": [
        {
          "schema_version": 0,
          "attributes": {
            "additional_capabilities": [],
            "admin_password": null,
            "admin_ssh_key": [
              {
                "public_key": "ssh-rsa AAAAB3NzaC1yc2EAAAADAQABAAACAQC9PaDAeijtSuZF2n/KG2EYpeaHzxzGJdRYL5J/7guT2oPHfl0HiQP3rzTRN0psA6cJ7tvQA8HTnh9soE7rRfJrJIKFn8icuxd1q5k1Z8Mdur+4ngRY7kk50J6EdR5OrUsqmgHMj7QRoc/m/bd7Tg/JMnA3lbg/mxcQ55vVbeBIDnOfUPAScScSbqDM5xKKBR+posHtF/Y/9Z8FGwdf60g7cJ9yak50LFkvVAAiiu7U/D4yVptKjCs1IAEu/9c/wtTaBSzqEWri8o6yDVTvA98ygXVx4kxKyEw+ZSa9VEWEahizrtRHZufQvl3gOPgQw6s1Np23PuoFz1Xp2e/01R1rf7bpJIDmPJP4StHGqnREIe3u/7HxZRsUBMQ9aV68gSIGE6gs4SfijTDx/HvOpZ6oR3crS1Y9znlde0e3moHcSkc7/tCQpaeorrBIv5yfi4Os/0ruQvqPjdnbmMZrNzFDW0JNUEEhLze0F9ZX88sPRSYp/FLjKwu3jh+XP6N8giBWb+zaOaGU3apiySXrxoEsI+ujiYx+KsXedXqhkV6QyCyZ2xTqahYVoYTfJeXhf4CQAaZ+Zps7DWh9ZUwceVht3nzr+FUq8F4BtksftckMGlAQYJ73GDQqBzRWGBfBsgpTNvYZFFSkMipVMYjnCW+EP7szyfn1Pt9vySeQejh5IQ== imanebouboul0@gmail.com\n",
                "username": "adminuser"
              }
            ],
            "admin_username": "adminuser",
            "allow_extension_operations": true,
            "availability_set_id": "",
            "boot_diagnostics": [],
            "bypass_platform_safety_checks_on_user_schedule_enabled": false,
            "capacity_reservation_group_id": "",
            "computer_name": "K8sWorker",
            "custom_data": null,
            "dedicated_host_group_id": "",
            "dedicated_host_id": "",
            "disable_password_authentication": true,
            "disk_controller_type": "",
            "edge_zone": "",
            "encryption_at_host_enabled": false,
            "eviction_policy": "",
            "extensions_time_budget": "PT1H30M",
            "gallery_application": [],
            "id": "/subscriptions/5f3c303a-a847-45fc-9aee-f27bf8119ebb/resourceGroups/DevOpResourceGroup/providers/Microsoft.Compute/virtualMachines/K8sWorker",
            "identity": [],
            "license_type": "",
            "location": "northeurope",
            "max_bid_price": -1,
            "name": "K8sWorker",
            "network_interface_ids": [
              "/subscriptions/5f3c303a-a847-45fc-9aee-f27bf8119ebb/resourceGroups/DevOpResourceGroup/providers/Microsoft.Network/networkInterfaces/WorkerNIC"
            ],
            "os_disk": [
              {
                "caching": "ReadWrite",
                "diff_disk_settings": [],
                "disk_encryption_set_id": "",
                "disk_size_gb": 30,
                "id": "/subscriptions/5f3c303a-a847-45fc-9aee-f27bf8119ebb/resourceGroups/DevOpResourceGroup/providers/Microsoft.Compute/disks/K8sWorker_OsDisk_1_954ca23c002b403a9ab2557a7dda044c",
                "name": "K8sWorker_OsDisk_1_954ca23c002b403a9ab2557a7dda044c",
                "secure_vm_disk_encryption_set_id": "",
                "security_encryption_type": "",
                "storage_account_type": "Standard_LRS",
                "write_accelerator_enabled": false
              }
            ],
            "os_image_notification": [],
            "patch_assessment_mode": "ImageDefault",
            "patch_mode": "ImageDefault",
            "plan": [],
            "platform_fault_domain": -1,
            "priority": "Regular",
            "private_ip_address": "10.0.1.4",
            "private_ip_addresses": [
              "10.0.1.4"
            ],
            "provision_vm_agent": true,
            "proximity_placement_group_id": "",
            "public_ip_address": "13.94.65.2",
            "public_ip_addresses": [
              "13.94.65.2"
            ],
            "reboot_setting": "",
            "resource_group_name": "DevOpResourceGroup",
            "secret": [],
            "secure_boot_enabled": false,
            "size": "Standard_B2s",
            "source_image_id": "",
            "source_image_reference": [
              {
                "offer": "UbuntuServer",
                "publisher": "Canonical",
                "sku": "18.04-LTS",
                "version": "latest"
              }
            ],
            "tags": null,
            "termination_notification": null,
            "timeouts": null,
            "user_data": "",
            "virtual_machine_id": "5cdd52a3-f2e8-4487-a06b-150cbde74c4b",
            "virtual_machine_scale_set_id": "",
            "vm_agent_platform_updates_enabled": false,
            "vtpm_enabled": false,
            "zone": ""
          },
          "sensitive_attributes": [
            [
              {
                "type": "get_attr",
                "value": "custom_data"
              }
            ],
            [
              {
                "type": "get_attr",
                "value": "admin_password"
              }
            ]
          ],
          "private": "eyJlMmJmYjczMC1lY2FhLTExZTYtOGY4OC0zNDM2M2JjN2M0YzAiOnsiY3JlYXRlIjoyNzAwMDAwMDAwMDAwLCJkZWxldGUiOjI3MDAwMDAwMDAwMDAsInJlYWQiOjMwMDAwMDAwMDAwMCwidXBkYXRlIjoyNzAwMDAwMDAwMDAwfX0=",
          "dependencies": [
            "azurerm_network_interface.worker_nic",
            "azurerm_public_ip.worker_public_ip",
            "azurerm_resource_group.devops_rg",
            "azurerm_subnet.devops_subnet",
            "azurerm_virtual_network.devops_vnet"
          ]
        }
      ]
    },
    {
      "mode": "managed",
      "type": "azurerm_network_interface",
      "name": "master_nic",
      "provider": "provider[\"registry.terraform.io/hashicorp/azurerm\"]",
      "instances": [
        {
          "schema_version": 0,
          "attributes": {
            "accelerated_networking_enabled": false,
            "applied_dns_servers": [],
            "auxiliary_mode": "",
            "auxiliary_sku": "",
            "dns_servers": null,
            "edge_zone": "",
            "id": "/subscriptions/5f3c303a-a847-45fc-9aee-f27bf8119ebb/resourceGroups/DevOpResourceGroup/providers/Microsoft.Network/networkInterfaces/MasterNIC",
            "internal_dns_name_label": "",
            "internal_domain_name_suffix": "0hqdalmo4dzufmqm1s2gyfemfg.fx.internal.cloudapp.net",
            "ip_configuration": [
              {
                "gateway_load_balancer_frontend_ip_configuration_id": "",
                "name": "MasterIPConfig",
                "primary": true,
                "private_ip_address": "10.0.1.5",
                "private_ip_address_allocation": "Dynamic",
                "private_ip_address_version": "IPv4",
                "public_ip_address_id": "/subscriptions/5f3c303a-a847-45fc-9aee-f27bf8119ebb/resourceGroups/DevOpResourceGroup/providers/Microsoft.Network/publicIPAddresses/MasterPublicIP",
                "subnet_id": "/subscriptions/5f3c303a-a847-45fc-9aee-f27bf8119ebb/resourceGroups/DevOpResourceGroup/providers/Microsoft.Network/virtualNetworks/DevOpsVNet/subnets/DevOpsSubnet"
              }
            ],
            "ip_forwarding_enabled": false,
            "location": "northeurope",
            "mac_address": "",
            "name": "MasterNIC",
            "private_ip_address": "10.0.1.5",
            "private_ip_addresses": [
              "10.0.1.5"
            ],
            "resource_group_name": "DevOpResourceGroup",
            "tags": null,
            "timeouts": null,
            "virtual_machine_id": ""
          },
          "sensitive_attributes": [],
          "private": "eyJlMmJmYjczMC1lY2FhLTExZTYtOGY4OC0zNDM2M2JjN2M0YzAiOnsiY3JlYXRlIjoxODAwMDAwMDAwMDAwLCJkZWxldGUiOjE4MDAwMDAwMDAwMDAsInJlYWQiOjMwMDAwMDAwMDAwMCwidXBkYXRlIjoxODAwMDAwMDAwMDAwfX0=",
          "dependencies": [
            "azurerm_public_ip.master_public_ip",
            "azurerm_resource_group.devops_rg",
            "azurerm_subnet.devops_subnet",
            "azurerm_virtual_network.devops_vnet"
          ]
        }
      ]
    },
    {
      "mode": "managed",
      "type": "azurerm_network_interface",
      "name": "worker_nic",
      "provider": "provider[\"registry.terraform.io/hashicorp/azurerm\"]",
      "instances": [
        {
          "schema_version": 0,
          "attributes": {
            "accelerated_networking_enabled": false,
            "applied_dns_servers": [],
            "auxiliary_mode": "",
            "auxiliary_sku": "",
            "dns_servers": null,
            "edge_zone": "",
            "id": "/subscriptions/5f3c303a-a847-45fc-9aee-f27bf8119ebb/resourceGroups/DevOpResourceGroup/providers/Microsoft.Network/networkInterfaces/WorkerNIC",
            "internal_dns_name_label": "",
            "internal_domain_name_suffix": "0hqdalmo4dzufmqm1s2gyfemfg.fx.internal.cloudapp.net",
            "ip_configuration": [
              {
                "gateway_load_balancer_frontend_ip_configuration_id": "",
                "name": "WorkerIPConfig",
                "primary": true,
                "private_ip_address": "10.0.1.4",
                "private_ip_address_allocation": "Dynamic",
                "private_ip_address_version": "IPv4",
                "public_ip_address_id": "/subscriptions/5f3c303a-a847-45fc-9aee-f27bf8119ebb/resourceGroups/DevOpResourceGroup/providers/Microsoft.Network/publicIPAddresses/WorkerPublicIP",
                "subnet_id": "/subscriptions/5f3c303a-a847-45fc-9aee-f27bf8119ebb/resourceGroups/DevOpResourceGroup/providers/Microsoft.Network/virtualNetworks/DevOpsVNet/subnets/DevOpsSubnet"
              }
            ],
            "ip_forwarding_enabled": false,
            "location": "northeurope",
            "mac_address": "",
            "name": "WorkerNIC",
            "private_ip_address": "10.0.1.4",
            "private_ip_addresses": [
              "10.0.1.4"
            ],
            "resource_group_name": "DevOpResourceGroup",
            "tags": null,
            "timeouts": null,
            "virtual_machine_id": ""
          },
          "sensitive_attributes": [],
          "private": "eyJlMmJmYjczMC1lY2FhLTExZTYtOGY4OC0zNDM2M2JjN2M0YzAiOnsiY3JlYXRlIjoxODAwMDAwMDAwMDAwLCJkZWxldGUiOjE4MDAwMDAwMDAwMDAsInJlYWQiOjMwMDAwMDAwMDAwMCwidXBkYXRlIjoxODAwMDAwMDAwMDAwfX0=",
          "dependencies": [
            "azurerm_public_ip.worker_public_ip",
            "azurerm_resource_group.devops_rg",
            "azurerm_subnet.devops_subnet",
            "azurerm_virtual_network.devops_vnet"
          ]
        }
      ]
    },
    {
      "mode": "managed",
      "type": "azurerm_network_interface_security_group_association",
      "name": "master_nic_nsg",
      "provider": "provider[\"registry.terraform.io/hashicorp/azurerm\"]",
      "instances": [
        {
          "schema_version": 0,
          "attributes": {
            "id": "/subscriptions/5f3c303a-a847-45fc-9aee-f27bf8119ebb/resourceGroups/DevOpResourceGroup/providers/Microsoft.Network/networkInterfaces/MasterNIC|/subscriptions/5f3c303a-a847-45fc-9aee-f27bf8119ebb/resourceGroups/DevOpResourceGroup/providers/Microsoft.Network/networkSecurityGroups/DevOpsNSG",
            "network_interface_id": "/subscriptions/5f3c303a-a847-45fc-9aee-f27bf8119ebb/resourceGroups/DevOpResourceGroup/providers/Microsoft.Network/networkInterfaces/MasterNIC",
            "network_security_group_id": "/subscriptions/5f3c303a-a847-45fc-9aee-f27bf8119ebb/resourceGroups/DevOpResourceGroup/providers/Microsoft.Network/networkSecurityGroups/DevOpsNSG",
            "timeouts": null
          },
          "sensitive_attributes": [],
          "private": "eyJlMmJmYjczMC1lY2FhLTExZTYtOGY4OC0zNDM2M2JjN2M0YzAiOnsiY3JlYXRlIjoxODAwMDAwMDAwMDAwLCJkZWxldGUiOjE4MDAwMDAwMDAwMDAsInJlYWQiOjMwMDAwMDAwMDAwMH19",
          "dependencies": [
            "azurerm_network_interface.master_nic",
            "azurerm_network_security_group.devops_nsg",
            "azurerm_public_ip.master_public_ip",
            "azurerm_resource_group.devops_rg",
            "azurerm_subnet.devops_subnet",
            "azurerm_virtual_network.devops_vnet"
          ]
        }
      ]
    },
    {
      "mode": "managed",
      "type": "azurerm_network_interface_security_group_association",
      "name": "worker_nic_nsg",
      "provider": "provider[\"registry.terraform.io/hashicorp/azurerm\"]",
      "instances": [
        {
          "schema_version": 0,
          "attributes": {
            "id": "/subscriptions/5f3c303a-a847-45fc-9aee-f27bf8119ebb/resourceGroups/DevOpResourceGroup/providers/Microsoft.Network/networkInterfaces/WorkerNIC|/subscriptions/5f3c303a-a847-45fc-9aee-f27bf8119ebb/resourceGroups/DevOpResourceGroup/providers/Microsoft.Network/networkSecurityGroups/DevOpsNSG",
            "network_interface_id": "/subscriptions/5f3c303a-a847-45fc-9aee-f27bf8119ebb/resourceGroups/DevOpResourceGroup/providers/Microsoft.Network/networkInterfaces/WorkerNIC",
            "network_security_group_id": "/subscriptions/5f3c303a-a847-45fc-9aee-f27bf8119ebb/resourceGroups/DevOpResourceGroup/providers/Microsoft.Network/networkSecurityGroups/DevOpsNSG",
            "timeouts": null
          },
          "sensitive_attributes": [],
          "private": "eyJlMmJmYjczMC1lY2FhLTExZTYtOGY4OC0zNDM2M2JjN2M0YzAiOnsiY3JlYXRlIjoxODAwMDAwMDAwMDAwLCJkZWxldGUiOjE4MDAwMDAwMDAwMDAsInJlYWQiOjMwMDAwMDAwMDAwMH19",
          "dependencies": [
            "azurerm_network_interface.worker_nic",
            "azurerm_network_security_group.devops_nsg",
            "azurerm_public_ip.worker_public_ip",
            "azurerm_resource_group.devops_rg",
            "azurerm_subnet.devops_subnet",
            "azurerm_virtual_network.devops_vnet"
          ]
        }
      ]
    },
    {
      "mode": "managed",
      "type": "azurerm_network_security_group",
      "name": "devops_nsg",
      "provider": "provider[\"registry.terraform.io/hashicorp/azurerm\"]",
      "instances": [
        {
          "schema_version": 0,
          "attributes": {
            "id": "/subscriptions/5f3c303a-a847-45fc-9aee-f27bf8119ebb/resourceGroups/DevOpResourceGroup/providers/Microsoft.Network/networkSecurityGroups/DevOpsNSG",
            "location": "northeurope",
            "name": "DevOpsNSG",
            "resource_group_name": "DevOpResourceGroup",
            "security_rule": [
              {
                "access": "Allow",
                "description": "",
                "destination_address_prefix": "*",
                "destination_address_prefixes": [],
                "destination_application_security_group_ids": [],
                "destination_port_range": "10250",
                "destination_port_ranges": [],
                "direction": "Inbound",
                "name": "AllowKubelet",
                "priority": 1004,
                "protocol": "Tcp",
                "source_address_prefix": "*",
                "source_address_prefixes": [],
                "source_application_security_group_ids": [],
                "source_port_range": "*",
                "source_port_ranges": []
              },
              {
                "access": "Allow",
                "description": "",
                "destination_address_prefix": "*",
                "destination_address_prefixes": [],
                "destination_application_security_group_ids": [],
                "destination_port_range": "22",
                "destination_port_ranges": [],
                "direction": "Inbound",
                "name": "AllowSSH",
                "priority": 1001,
                "protocol": "Tcp",
                "source_address_prefix": "*",
                "source_address_prefixes": [],
                "source_application_security_group_ids": [],
                "source_port_range": "*",
                "source_port_ranges": []
              },
              {
                "access": "Allow",
                "description": "",
                "destination_address_prefix": "*",
                "destination_address_prefixes": [],
                "destination_application_security_group_ids": [],
                "destination_port_range": "2379-2380",
                "destination_port_ranges": [],
                "direction": "Inbound",
                "name": "AllowEtcd",
                "priority": 1003,
                "protocol": "Tcp",
                "source_address_prefix": "*",
                "source_address_prefixes": [],
                "source_application_security_group_ids": [],
                "source_port_range": "*",
                "source_port_ranges": []
              },
              {
                "access": "Allow",
                "description": "",
                "destination_address_prefix": "*",
                "destination_address_prefixes": [],
                "destination_application_security_group_ids": [],
                "destination_port_range": "30000-32767",
                "destination_port_ranges": [],
                "direction": "Inbound",
                "name": "AllowNodePorts",
                "priority": 1005,
                "protocol": "Tcp",
                "source_address_prefix": "*",
                "source_address_prefixes": [],
                "source_application_security_group_ids": [],
                "source_port_range": "*",
                "source_port_ranges": []
              },
              {
                "access": "Allow",
                "description": "",
                "destination_address_prefix": "*",
                "destination_address_prefixes": [],
                "destination_application_security_group_ids": [],
                "destination_port_range": "6443",
                "destination_port_ranges": [],
                "direction": "Inbound",
                "name": "AllowK8sAPI",
                "priority": 1002,
                "protocol": "Tcp",
                "source_address_prefix": "*",
                "source_address_prefixes": [],
                "source_application_security_group_ids": [],
                "source_port_range": "*",
                "source_port_ranges": []
              },
              {
                "access": "Allow",
                "description": "",
                "destination_address_prefix": "*",
                "destination_address_prefixes": [],
                "destination_application_security_group_ids": [],
                "destination_port_range": "80-443",
                "destination_port_ranges": [],
                "direction": "Inbound",
                "name": "AllowHTTPHTTPS",
                "priority": 1006,
                "protocol": "Tcp",
                "source_address_prefix": "*",
                "source_address_prefixes": [],
                "source_application_security_group_ids": [],
                "source_port_range": "*",
                "source_port_ranges": []
              }
            ],
            "tags": null,
            "timeouts": null
          },
          "sensitive_attributes": [],
          "private": "eyJlMmJmYjczMC1lY2FhLTExZTYtOGY4OC0zNDM2M2JjN2M0YzAiOnsiY3JlYXRlIjoxODAwMDAwMDAwMDAwLCJkZWxldGUiOjE4MDAwMDAwMDAwMDAsInJlYWQiOjMwMDAwMDAwMDAwMCwidXBkYXRlIjoxODAwMDAwMDAwMDAwfX0=",
          "dependencies": [
            "azurerm_resource_group.devops_rg"
          ]
        }
      ]
    },
    {
      "mode": "managed",
      "type": "azurerm_public_ip",
      "name": "master_public_ip",
      "provider": "provider[\"registry.terraform.io/hashicorp/azurerm\"]",
      "instances": [
        {
          "schema_version": 0,
          "attributes": {
            "allocation_method": "Static",
            "ddos_protection_mode": "VirtualNetworkInherited",
            "ddos_protection_plan_id": null,
            "domain_name_label": null,
            "domain_name_label_scope": null,
            "edge_zone": "",
            "fqdn": null,
            "id": "/subscriptions/5f3c303a-a847-45fc-9aee-f27bf8119ebb/resourceGroups/DevOpResourceGroup/providers/Microsoft.Network/publicIPAddresses/MasterPublicIP",
            "idle_timeout_in_minutes": 4,
            "ip_address": "13.94.65.109",
            "ip_tags": null,
            "ip_version": "IPv4",
            "location": "northeurope",
            "name": "MasterPublicIP",
            "public_ip_prefix_id": null,
            "resource_group_name": "DevOpResourceGroup",
            "reverse_fqdn": null,
            "sku": "Standard",
            "sku_tier": "Regional",
            "tags": null,
            "timeouts": null,
            "zones": null
          },
          "sensitive_attributes": [],
          "private": "eyJlMmJmYjczMC1lY2FhLTExZTYtOGY4OC0zNDM2M2JjN2M0YzAiOnsiY3JlYXRlIjoxODAwMDAwMDAwMDAwLCJkZWxldGUiOjE4MDAwMDAwMDAwMDAsInJlYWQiOjMwMDAwMDAwMDAwMCwidXBkYXRlIjoxODAwMDAwMDAwMDAwfX0=",
          "dependencies": [
            "azurerm_resource_group.devops_rg"
          ]
        }
      ]
    },
    {
      "mode": "managed",
      "type": "azurerm_public_ip",
      "name": "worker_public_ip",
      "provider": "provider[\"registry.terraform.io/hashicorp/azurerm\"]",
      "instances": [
        {
          "schema_version": 0,
          "attributes": {
            "allocation_method": "Static",
            "ddos_protection_mode": "VirtualNetworkInherited",
            "ddos_protection_plan_id": null,
            "domain_name_label": null,
            "domain_name_label_scope": null,
            "edge_zone": "",
            "fqdn": null,
            "id": "/subscriptions/5f3c303a-a847-45fc-9aee-f27bf8119ebb/resourceGroups/DevOpResourceGroup/providers/Microsoft.Network/publicIPAddresses/WorkerPublicIP",
            "idle_timeout_in_minutes": 4,
            "ip_address": "13.94.65.2",
            "ip_tags": null,
            "ip_version": "IPv4",
            "location": "northeurope",
            "name": "WorkerPublicIP",
            "public_ip_prefix_id": null,
            "resource_group_name": "DevOpResourceGroup",
            "reverse_fqdn": null,
            "sku": "Standard",
            "sku_tier": "Regional",
            "tags": null,
            "timeouts": null,
            "zones": null
          },
          "sensitive_attributes": [],
          "private": "eyJlMmJmYjczMC1lY2FhLTExZTYtOGY4OC0zNDM2M2JjN2M0YzAiOnsiY3JlYXRlIjoxODAwMDAwMDAwMDAwLCJkZWxldGUiOjE4MDAwMDAwMDAwMDAsInJlYWQiOjMwMDAwMDAwMDAwMCwidXBkYXRlIjoxODAwMDAwMDAwMDAwfX0=",
          "dependencies": [
            "azurerm_resource_group.devops_rg"
          ]
        }
      ]
    },
    {
      "mode": "managed",
      "type": "azurerm_resource_group",
      "name": "devops_rg",
      "provider": "provider[\"registry.terraform.io/hashicorp/azurerm\"]",
      "instances": [
        {
          "schema_version": 0,
          "attributes": {
            "id": "/subscriptions/5f3c303a-a847-45fc-9aee-f27bf8119ebb/resourceGroups/DevOpResourceGroup",
            "location": "northeurope",
            "managed_by": "",
            "name": "DevOpResourceGroup",
            "tags": null,
            "timeouts": null
          },
          "sensitive_attributes": [],
          "private": "eyJlMmJmYjczMC1lY2FhLTExZTYtOGY4OC0zNDM2M2JjN2M0YzAiOnsiY3JlYXRlIjo1NDAwMDAwMDAwMDAwLCJkZWxldGUiOjU0MDAwMDAwMDAwMDAsInJlYWQiOjMwMDAwMDAwMDAwMCwidXBkYXRlIjo1NDAwMDAwMDAwMDAwfX0="
        }
      ]
    },
    {
      "mode": "managed",
      "type": "azurerm_subnet",
      "name": "devops_subnet",
      "provider": "provider[\"registry.terraform.io/hashicorp/azurerm\"]",
      "instances": [
        {
          "schema_version": 0,
          "attributes": {
            "address_prefixes": [
              "10.0.1.0/24"
            ],
            "default_outbound_access_enabled": true,
            "delegation": [],
            "id": "/subscriptions/5f3c303a-a847-45fc-9aee-f27bf8119ebb/resourceGroups/DevOpResourceGroup/providers/Microsoft.Network/virtualNetworks/DevOpsVNet/subnets/DevOpsSubnet",
            "name": "DevOpsSubnet",
            "private_endpoint_network_policies": "Disabled",
            "private_link_service_network_policies_enabled": true,
            "resource_group_name": "DevOpResourceGroup",
            "service_endpoint_policy_ids": null,
            "service_endpoints": null,
            "timeouts": null,
            "virtual_network_name": "DevOpsVNet"
          },
          "sensitive_attributes": [],
          "private": "eyJlMmJmYjczMC1lY2FhLTExZTYtOGY4OC0zNDM2M2JjN2M0YzAiOnsiY3JlYXRlIjoxODAwMDAwMDAwMDAwLCJkZWxldGUiOjE4MDAwMDAwMDAwMDAsInJlYWQiOjMwMDAwMDAwMDAwMCwidXBkYXRlIjoxODAwMDAwMDAwMDAwfX0=",
          "dependencies": [
            "azurerm_resource_group.devops_rg",
            "azurerm_virtual_network.devops_vnet"
          ]
        }
      ]
    },
    {
      "mode": "managed",
      "type": "azurerm_virtual_network",
      "name": "devops_vnet",
      "provider": "provider[\"registry.terraform.io/hashicorp/azurerm\"]",
      "instances": [
        {
          "schema_version": 0,
          "attributes": {
            "address_space": [
              "10.0.0.0/16"
            ],
            "bgp_community": "",
            "ddos_protection_plan": [],
            "dns_servers": [],
            "edge_zone": "",
            "encryption": [],
            "flow_timeout_in_minutes": 0,
            "guid": "2d30e0d1-f08e-42f3-b20c-dcb86c148c2e",
            "id": "/subscriptions/5f3c303a-a847-45fc-9aee-f27bf8119ebb/resourceGroups/DevOpResourceGroup/providers/Microsoft.Network/virtualNetworks/DevOpsVNet",
            "location": "northeurope",
            "name": "DevOpsVNet",
            "private_endpoint_vnet_policies": "Disabled",
            "resource_group_name": "DevOpResourceGroup",
            "subnet": [],
            "tags": null,
            "timeouts": null
          },
          "sensitive_attributes": [],
          "private": "eyJlMmJmYjczMC1lY2FhLTExZTYtOGY4OC0zNDM2M2JjN2M0YzAiOnsiY3JlYXRlIjoxODAwMDAwMDAwMDAwLCJkZWxldGUiOjE4MDAwMDAwMDAwMDAsInJlYWQiOjMwMDAwMDAwMDAwMCwidXBkYXRlIjoxODAwMDAwMDAwMDAwfX0=",
          "dependencies": [
            "azurerm_resource_group.devops_rg"
          ]
        }
      ]
    }
  ],
  "check_results": null
}
